
Microsoft Visual Studio Solution File, Format Version 11.00
# Visual Studio 2010
Project("{FAE04EC0-301F-11D3-BF4B-00C04F79EFBC}") = "EZGame", "EZGame\EZGame\EZGame.csproj", "{C62ADEEC-66EA-45D5-BF73-7D40704ED13C}"
EndProject
Project("{96E2B04D-8817-42C6-938A-82C39BA4D311}") = "EZGameContent", "EZGame\EZGameContent\EZGameContent.contentproj", "{47E29F45-7379-4313-B495-92BC3D56AF06}"
EndProject
Global
	GlobalSection(SolutionConfigurationPlatforms) = preSolution
		Debug|x86 = Debug|x86
		Release|x86 = Release|x86
	EndGlobalSection
	GlobalSection(ProjectConfigurationPlatforms) = postSolution
		{C62ADEEC-66EA-45D5-BF73-7D40704ED13C}.Debug|x86.ActiveCfg = Debug|x86
		{C62ADEEC-66EA-45D5-BF73-7D40704ED13C}.Debug|x86.Build.0 = Debug|x86
		{C62ADEEC-66EA-45D5-BF73-7D40704ED13C}.Release|x86.ActiveCfg = Release|x86
		{C62ADEEC-66EA-45D5-BF73-7D40704ED13C}.Release|x86.Build.0 = Release|x86
		{47E29F45-7379-4313-B495-92BC3D56AF06}.Debug|x86.ActiveCfg = Debug|x86
		{47E29F45-7379-4313-B495-92BC3D56AF06}.Release|x86.ActiveCfg = Release|x86
	EndGlobalSection
	GlobalSection(SolutionProperties) = preSolution
		HideSolutionNode = FALSE
	EndGlobalSection
EndGlobal
